
Microsoft Visual Studio Solution File, Format Version 11.00
# Visual Studio 2010
Project("{FAE04EC0-301F-11D3-BF4B-00C04F79EFBC}") = "Assembly-CSharp", "Assembly-CSharp.csproj", "{9124D2FA-6A8D-5B97-EA67-1CC70C05B781}"
EndProject
Project("{FAE04EC0-301F-11D3-BF4B-00C04F79EFBC}") = "UnityWakatime", "UnityWakatime.csproj", "{EF7A4BE4-FA01-D0DC-F4DA-53BA76A9D2F2}"
EndProject
Global
	GlobalSection(SolutionConfigurationPlatforms) = preSolution
		Debug|Any CPU = Debug|Any CPU
		Release|Any CPU = Release|Any CPU
	EndGlobalSection
	GlobalSection(ProjectConfigurationPlatforms) = postSolution
		{9124D2FA-6A8D-5B97-EA67-1CC70C05B781}.Debug|Any CPU.ActiveCfg = Debug|Any CPU
		{9124D2FA-6A8D-5B97-EA67-1CC70C05B781}.Debug|Any CPU.Build.0 = Debug|Any CPU
		{9124D2FA-6A8D-5B97-EA67-1CC70C05B781}.Release|Any CPU.ActiveCfg = Release|Any CPU
		{9124D2FA-6A8D-5B97-EA67-1CC70C05B781}.Release|Any CPU.Build.0 = Release|Any CPU
		{EF7A4BE4-FA01-D0DC-F4DA-53BA76A9D2F2}.Debug|Any CPU.ActiveCfg = Debug|Any CPU
		{EF7A4BE4-FA01-D0DC-F4DA-53BA76A9D2F2}.Debug|Any CPU.Build.0 = Debug|Any CPU
		{EF7A4BE4-FA01-D0DC-F4DA-53BA76A9D2F2}.Release|Any CPU.ActiveCfg = Release|Any CPU
		{EF7A4BE4-FA01-D0DC-F4DA-53BA76A9D2F2}.Release|Any CPU.Build.0 = Release|Any CPU
	EndGlobalSection
	GlobalSection(SolutionProperties) = preSolution
		HideSolutionNode = FALSE
	EndGlobalSection
	GlobalSection(MonoDevelopProperties) = preSolution
		StartupItem = Assembly-CSharp.csproj
	EndGlobalSection
EndGlobal
